{
  "name": "kenku",
  "version": "1.0.0",
  "lockfileVersion": 1,
  "requires": true,
  "dependencies": {
    "async": {
      "version": "3.1.0",
      "resolved": "https://registry.npmjs.org/async/-/async-3.1.0.tgz",
      "integrity": "sha512-4vx/aaY6j/j3Lw3fbCHNWP0pPaTCew3F6F3hYyl/tHs/ndmV1q7NW9T5yuJ2XAGwdQrP+6Wu20x06U4APo/iQQ=="
    },
    "clamp": {
      "version": "1.0.1",
      "resolved": "https://registry.npmjs.org/clamp/-/clamp-1.0.1.tgz",
      "integrity": "sha1-ZqDmQBGBbjcZaCj9yMjBRzEshjQ="
    },
    "ffmpeg": {
      "version": "0.0.4",
      "resolved": "https://registry.npmjs.org/ffmpeg/-/ffmpeg-0.0.4.tgz",
      "integrity": "sha1-HEYN+OfaUSf2LO70v6BsWciWMMs=",
      "requires": {
        "when": ">= 0.0.1"
      }
    },
    "fluent-ffmpeg": {
      "version": "2.1.2",
      "resolved": "https://registry.npmjs.org/fluent-ffmpeg/-/fluent-ffmpeg-2.1.2.tgz",
      "integrity": "sha1-yVLeIkD4EuvaCqgAbXd27irPfXQ=",
      "requires": {
        "async": ">=0.2.9",
        "which": "^1.1.1"
      }
    },
    "has-symbols": {
      "version": "1.0.0",
      "resolved": "https://registry.npmjs.org/has-symbols/-/has-symbols-1.0.0.tgz",
      "integrity": "sha1-uhqPGvKg/DllD1yFA2dwQSIGO0Q="
    },
    "is-array": {
      "version": "1.0.1",
      "resolved": "https://registry.npmjs.org/is-array/-/is-array-1.0.1.tgz",
      "integrity": "sha1-6YUMwsyGDDvAl36EzPDdRkWEJ5o="
    },
    "is-array-like": {
      "version": "1.1.2",
      "resolved": "https://registry.npmjs.org/is-array-like/-/is-array-like-1.1.2.tgz",
      "integrity": "sha1-fygKp3f1PrMfdOHc0+BAkjGGwgU=",
      "requires": {
        "is-array": "^1.0.1",
        "is-function": "^1.0.1",
        "is-window": "^1.0.1"
      }
    },
    "is-function": {
      "version": "1.0.1",
      "resolved": "https://registry.npmjs.org/is-function/-/is-function-1.0.1.tgz",
      "integrity": "sha1-Es+5i2W1fdPRk6MSH19uL0N2ArU="
    },
    "is-nil": {
      "version": "1.0.1",
      "resolved": "https://registry.npmjs.org/is-nil/-/is-nil-1.0.1.tgz",
      "integrity": "sha1-LauingtYUGOHXntTnQcfWxWTeWk="
    },
    "is-object": {
      "version": "1.0.1",
      "resolved": "https://registry.npmjs.org/is-object/-/is-object-1.0.1.tgz",
      "integrity": "sha1-iVJojF7C/9awPsyF52ngKQMINHA="
    },
    "is-symbol": {
      "version": "1.0.2",
      "resolved": "https://registry.npmjs.org/is-symbol/-/is-symbol-1.0.2.tgz",
      "integrity": "sha512-HS8bZ9ox60yCJLH9snBpIwv9pYUAkcuLhSA1oero1UB5y9aiQpRA8y2ex945AOtCZL1lJDeIk3G5LthswI46Lw==",
      "requires": {
        "has-symbols": "^1.0.0"
      }
    },
    "is-window": {
      "version": "1.0.2",
      "resolved": "https://registry.npmjs.org/is-window/-/is-window-1.0.2.tgz",
      "integrity": "sha1-LIlspT25feRdPDMTOmXYyfVjSA0="
    },
    "isexe": {
      "version": "2.0.0",
      "resolved": "https://registry.npmjs.org/isexe/-/isexe-2.0.0.tgz",
      "integrity": "sha1-6PvzdNxVb/iUehDcsFctYz8s+hA="
    },
    "max-array-length": {
      "version": "1.0.0",
      "resolved": "https://registry.npmjs.org/max-array-length/-/max-array-length-1.0.0.tgz",
      "integrity": "sha1-DmT12l3rR7zaqrRxYNZunybtRjE="
    },
    "max-safe-int": {
      "version": "1.0.0",
      "resolved": "https://registry.npmjs.org/max-safe-int/-/max-safe-int-1.0.0.tgz",
      "integrity": "sha1-RPuo7Jk97ZH7LFo15xz5yfNpzlI="
    },
    "object-keys": {
      "version": "1.1.1",
      "resolved": "https://registry.npmjs.org/object-keys/-/object-keys-1.1.1.tgz",
      "integrity": "sha512-NuAESUOUMrlIXOfHKzD6bpPu3tYt3xvjNdRIQ+FeT0lNb4K8WR70CaDxhuNguS2XG+GjkyMwOzsN5ZktImfhLA=="
    },
    "pick-item": {
      "version": "1.0.4",
      "resolved": "https://registry.npmjs.org/pick-item/-/pick-item-1.0.4.tgz",
      "integrity": "sha1-DgbK/bm4Hu4ak7zg3y3OYEyekBU=",
      "requires": {
        "is-array-like": "^1.1.0",
        "random-index": "^1.0.4"
      }
    },
    "pick-key": {
      "version": "1.0.3",
      "resolved": "https://registry.npmjs.org/pick-key/-/pick-key-1.0.3.tgz",
      "integrity": "sha1-+Z139YLn2nV5LuW6KmpG7pX/QCI=",
      "requires": {
        "is-object": "^1.0.1",
        "object-keys": "^1.0.9",
        "pick-item": "^1.0.4"
      }
    },
    "pick-prop": {
      "version": "1.0.3",
      "resolved": "https://registry.npmjs.org/pick-prop/-/pick-prop-1.0.3.tgz",
      "integrity": "sha1-ibYCNeDFbAFqJrC/QidQ5WEyjCI=",
      "requires": {
        "is-object": "^1.0.1",
        "pick-key": "^1.0.3"
      }
    },
    "random-char": {
      "version": "1.0.4",
      "resolved": "https://registry.npmjs.org/random-char/-/random-char-1.0.4.tgz",
      "integrity": "sha1-X+LJUTTK/MXXvI9Ggx3Db9u9XGY=",
      "requires": {
        "is-nil": "^1.0.1",
        "is-object": "^1.0.1",
        "random-natural": "^1.0.3",
        "to-str": "^1.0.0"
      }
    },
    "random-file": {
      "version": "1.0.0",
      "resolved": "https://registry.npmjs.org/random-file/-/random-file-1.0.0.tgz",
      "integrity": "sha1-CHTzQAROq7LVVB+rhY0ouWPEd/Q=",
      "requires": {
        "pick-item": "^1.0.4",
        "pick-prop": "^1.0.3",
        "random-lorem": "^1.0.4"
      }
    },
    "random-index": {
      "version": "1.0.4",
      "resolved": "https://registry.npmjs.org/random-index/-/random-index-1.0.4.tgz",
      "integrity": "sha1-VMDR7Xx/xDaD/IjWS3cTvfW05h0=",
      "requires": {
        "max-array-length": "^1.0.0",
        "random-natural": "^1.0.3"
      }
    },
    "random-integral": {
      "version": "1.0.3",
      "resolved": "https://registry.npmjs.org/random-integral/-/random-integral-1.0.3.tgz",
      "integrity": "sha1-j/PBF1ZcmgS2bd1VnzrtKb0PD2w=",
      "requires": {
        "clamp": "^1.0.1",
        "max-safe-int": "^1.0.0",
        "to-integer": "^1.0.1"
      }
    },
    "random-lorem": {
      "version": "1.0.4",
      "resolved": "https://registry.npmjs.org/random-lorem/-/random-lorem-1.0.4.tgz",
      "integrity": "sha1-/UFERTeVS7XDM7PI76gw1GVYYVI=",
      "requires": {
        "clamp": "^1.0.1",
        "random-char": "^1.0.4",
        "random-natural": "^1.0.3",
        "random-syllable": "^1.0.1"
      }
    },
    "random-natural": {
      "version": "1.0.3",
      "resolved": "https://registry.npmjs.org/random-natural/-/random-natural-1.0.3.tgz",
      "integrity": "sha1-7yhhWwPCy3Gq6/fyT0hyZqRDxcA=",
      "requires": {
        "max-safe-int": "^1.0.0",
        "random-integral": "^1.0.3"
      }
    },
    "random-syllable": {
      "version": "1.0.1",
      "resolved": "https://registry.npmjs.org/random-syllable/-/random-syllable-1.0.1.tgz",
      "integrity": "sha1-VJn7uocri/UqrUNBw+wxjbs8SfY=",
      "requires": {
        "clamp": "^1.0.1",
        "is-object": "^1.0.1",
        "random-char": "^1.0.4",
        "random-natural": "^1.0.3",
        "to-integer": "^1.0.1"
      }
    },
    "to-integer": {
      "version": "1.0.1",
      "resolved": "https://registry.npmjs.org/to-integer/-/to-integer-1.0.1.tgz",
      "integrity": "sha1-URrUHc5qk3MKjztuNaFk/YKUZNo=",
      "requires": {
        "is-function": "^1.0.1",
        "is-nil": "^1.0.0",
        "is-object": "^1.0.1",
        "is-symbol": "^1.0.1"
      }
    },
    "to-str": {
      "version": "1.0.0",
      "resolved": "https://registry.npmjs.org/to-str/-/to-str-1.0.0.tgz",
      "integrity": "sha1-kDQkj1b0OYBMH9RaPL6Bley2CPE=",
      "requires": {
        "is-function": "^1.0.1",
        "is-nil": "^1.0.0",
        "is-object": "^1.0.1",
        "is-symbol": "^1.0.1"
      }
    },
    "when": {
      "version": "3.7.8",
      "resolved": "https://registry.npmjs.org/when/-/when-3.7.8.tgz",
      "integrity": "sha1-xxMLan6gRpPoQs3J56Hyqjmjn4I="
    },
    "which": {
      "version": "1.3.1",
      "resolved": "https://registry.npmjs.org/which/-/which-1.3.1.tgz",
      "integrity": "sha512-HxJdYWq1MTIQbJ3nw0cqssHoTNU267KlrDuGZ1WYlxDStUtKUhOaJmh112/TZmHxxUfuJqPXSOm7tDyas0OSIQ==",
      "requires": {
        "isexe": "^2.0.0"
      }
    }
  }
}
